// !$*UTF8*$!
{
	archiveVersion = 1;
	classes = {
	};
	objectVersion = 77;
	objects = {

/* Begin PBXBuildFile section */
		02C8D4C3FC22A2E5246AE573 /* PresenceCommandServiceTests.swift in Sources */ = {isa = PBXBuildFile; fileRef = 35E621D7E364E2B9BAFF1036 /* PresenceCommandServiceTests.swift */; };
		0A24E45110C36FCF5E8A7012 /* OrbMotionModel.swift in Sources */ = {isa = PBXBuildFile; fileRef = 07DE01676AC401339B9DCC2F /* OrbMotionModel.swift */; };
		0BBBF2D1074DF8611BA19F4D /* StageParticleGeometry.swift in Sources */ = {isa = PBXBuildFile; fileRef = 31B4ED03B824DB23844C3DB1 /* StageParticleGeometry.swift */; };
		0CFFB80B888FA5C299572773 /* StageCameraModelTests.swift in Sources */ = {isa = PBXBuildFile; fileRef = 11BA68B35282B593CC2E7F32 /* StageCameraModelTests.swift */; };
		1B17067E6E5406867B2F3E18 /* RealtimeDJSessionControllerTests.swift in Sources */ = {isa = PBXBuildFile; fileRef = 3559685E6AD36B0070B98424 /* RealtimeDJSessionControllerTests.swift */; };
		1F04322C71F0C43CD2AEA3B6 /* AppSmokeTests.swift in Sources */ = {isa = PBXBuildFile; fileRef = AC10161C41BE8EB05A51FC8D /* AppSmokeTests.swift */; };
		217C5077C6A607B1E7EC9802 /* ProgramPlanner.swift in Sources */ = {isa = PBXBuildFile; fileRef = E012C530DC089221A1FE34C1 /* ProgramPlanner.swift */; };
		2D4E0673D2067888218B2BF5 /* DJStateTests.swift in Sources */ = {isa = PBXBuildFile; fileRef = BBB583E2AA3BD7F6DA17AED6 /* DJStateTests.swift */; };
		330C60A11D6B3849DFAFCE65 /* WindowPlacement.swift in Sources */ = {isa = PBXBuildFile; fileRef = C9BED59FEA722CB9CBF88096 /* WindowPlacement.swift */; };
		343C7C4B77A94C27491DD866 /* UnifiedMusicSearchTests.swift in Sources */ = {isa = PBXBuildFile; fileRef = 3C5D0DADBAA7035525DDE57F /* UnifiedMusicSearchTests.swift */; };
		35080BA80539BA5A8E091F8D /* ElevenLabsRealtimeEventMapper.swift in Sources */ = {isa = PBXBuildFile; fileRef = D6ADB71DE1D4B227CC6BDDB4 /* ElevenLabsRealtimeEventMapper.swift */; };
		35C3C8FFE3D1338719F0C54E /* OrbPanel.swift in Sources */ = {isa = PBXBuildFile; fileRef = 9A5BF72176B81DD186790642 /* OrbPanel.swift */; };
		36DFD6DCAE62D1F28614ABB0 /* VisualAudioFeatureExtractorTests.swift in Sources */ = {isa = PBXBuildFile; fileRef = 4754EBB9C64ED51C00FF0F3C /* VisualAudioFeatureExtractorTests.swift */; };
		392D015607812F33D609F32C /* ElevenLabsAudioLevelRenderer.swift in Sources */ = {isa = PBXBuildFile; fileRef = 1445F76B4536834CB72C2EE3 /* ElevenLabsAudioLevelRenderer.swift */; };
		3CA44B7D58C477B0301558E4 /* ElevenLabs in Frameworks */ = {isa = PBXBuildFile; productRef = C87548AD309AC59561DE9A6E /* ElevenLabs */; };
		417C56526A743FF9DA9B0A1B /* MetalStageView.swift in Sources */ = {isa = PBXBuildFile; fileRef = 004DBF16E7B8E5F738731129 /* MetalStageView.swift */; };
		49C04625C4FC1B15B33833CE /* ProgramPlannerTests.swift in Sources */ = {isa = PBXBuildFile; fileRef = 091F9A1DA278A0DA5C8E4A4E /* ProgramPlannerTests.swift */; };
		4A028323AC8B8CC8BC49939F /* OrbUniformTests.swift in Sources */ = {isa = PBXBuildFile; fileRef = A4C1A38CFE1FE5149D76CC08 /* OrbUniformTests.swift */; };
		4EC3D2F74514647D567B0C01 /* PresenceManifest.swift in Sources */ = {isa = PBXBuildFile; fileRef = E10077CC5B0FFD300B288B48 /* PresenceManifest.swift */; };
		559086501216765204D4B06C /* DJState.swift in Sources */ = {isa = PBXBuildFile; fileRef = BBAA0158B7BFF631FD685449 /* DJState.swift */; };
		583709DB2BCEF0293ECDCD8B /* UnifiedMusicSearch.swift in Sources */ = {isa = PBXBuildFile; fileRef = 96E6D962FE7287F48210926F /* UnifiedMusicSearch.swift */; };
		5F8E787A682533EA402207D8 /* DoubaoRTCEventMapper.swift in Sources */ = {isa = PBXBuildFile; fileRef = 9758A4F0754760FA0AB854CA /* DoubaoRTCEventMapper.swift */; };
		61BB35DA9B528F5AFC2CEBD6 /* StageOverlayView.swift in Sources */ = {isa = PBXBuildFile; fileRef = C4F34AA02B66339224A58988 /* StageOverlayView.swift */; };
		6457881F70FAC522542403A5 /* PresencePackageStoreTests.swift in Sources */ = {isa = PBXBuildFile; fileRef = E6928DE615B4CCBB86C03160 /* PresencePackageStoreTests.swift */; };
		6663E63CBD50E0B8BE5DF04C /* MusicProviderSession.swift in Sources */ = {isa = PBXBuildFile; fileRef = 19D1AC1EED8E537124163209 /* MusicProviderSession.swift */; };
		68B069C0D0B6FC9CB8D4E3B9 /* StageCameraModel.swift in Sources */ = {isa = PBXBuildFile; fileRef = 1B2A3586C14E9FEC3F15B9AF /* StageCameraModel.swift */; };
		6F33A84A6365FF3418372AFC /* ElevenLabsAudioLevelRendererTests.swift in Sources */ = {isa = PBXBuildFile; fileRef = D61973FBC289CA1574CC7E72 /* ElevenLabsAudioLevelRendererTests.swift */; };
		761481871644BCC5C68DF17C /* OrbMotionModelTests.swift in Sources */ = {isa = PBXBuildFile; fileRef = 8A9A0DF149EE2164BBDE40EB /* OrbMotionModelTests.swift */; };
		7A17C5E01AC43CD75E7C7195 /* OrbState.swift in Sources */ = {isa = PBXBuildFile; fileRef = 43F2D91E87ABAC0F51F8C126 /* OrbState.swift */; };
		80AC6AC25FAE9E0FBCB11CDF /* AccountMusicSourceTests.swift in Sources */ = {isa = PBXBuildFile; fileRef = AF6190681ED5961F6C2903FE /* AccountMusicSourceTests.swift */; };
		8573E115B6C4C7AB8C10C1B8 /* ElevenLabsSDKConversationTransport.swift in Sources */ = {isa = PBXBuildFile; fileRef = B0F3CB58D63948E17D4EC76C /* ElevenLabsSDKConversationTransport.swift */; };
		8F5213621CDE66174CBBDA8A /* ProgramDecision.swift in Sources */ = {isa = PBXBuildFile; fileRef = BA8AFFDEBE45F4BC907FDDA1 /* ProgramDecision.swift */; };
		936430A6AC4FF9D7B3D62C5C /* GMGNRadioApp.swift in Sources */ = {isa = PBXBuildFile; fileRef = 39FC866C894AFC1D958539BF /* GMGNRadioApp.swift */; };
		94A2BC7B04AA84C9A463CED6 /* Orb.metal in Sources */ = {isa = PBXBuildFile; fileRef = 4374B4687559AEDE957A3117 /* Orb.metal */; };
		966720FCB35C2DA9CD0439C1 /* PresenceSettingsModel.swift in Sources */ = {isa = PBXBuildFile; fileRef = 07A8377E0830ED4ED8D57DB6 /* PresenceSettingsModel.swift */; };
		979D7A111DA0058F6F64F12A /* StageParticleGeometryTests.swift in Sources */ = {isa = PBXBuildFile; fileRef = F64257C748D0B7218B3CCDD1 /* StageParticleGeometryTests.swift */; };
		97DEBAA4822A0FB6CCDA187B /* ElevenLabsRealtimeSession.swift in Sources */ = {isa = PBXBuildFile; fileRef = C37C91B042237E14E18265B7 /* ElevenLabsRealtimeSession.swift */; };
		9820DEC74A14B5BA053ED40C /* StageUniformTests.swift in Sources */ = {isa = PBXBuildFile; fileRef = 85D5EE9963FDAFB9A0BEE96B /* StageUniformTests.swift */; };
		A51F42242E8A5663CE0BC305 /* ImmersiveSceneController.swift in Sources */ = {isa = PBXBuildFile; fileRef = 5CF6A9DCAC8752FE6AEFD4EC /* ImmersiveSceneController.swift */; };
		A812DB23EA81DBB7D2B72B1D /* OrbMetalView.swift in Sources */ = {isa = PBXBuildFile; fileRef = F934C041C38E2FBEE9EFAEB7 /* OrbMetalView.swift */; };
		AA95F2ACA1E99472A1547DB9 /* Immersive.metal in Sources */ = {isa = PBXBuildFile; fileRef = CE95E971E1A8C2085882DD3C /* Immersive.metal */; };
		ABDB36FE110EDF6A739619DD /* MusicSource.swift in Sources */ = {isa = PBXBuildFile; fileRef = AE207F3AFC138651AB03E8DB /* MusicSource.swift */; };
		AC9B9EFB9BD89EE723266DA5 /* ElevenLabsRealtimeSessionTests.swift in Sources */ = {isa = PBXBuildFile; fileRef = E442A4484F6338F0288177A4 /* ElevenLabsRealtimeSessionTests.swift */; };
		AD473CDA80FF3D2D2D266FC6 /* RealtimeDJSessionController.swift in Sources */ = {isa = PBXBuildFile; fileRef = FB1A15690B115ECC57F64F9E /* RealtimeDJSessionController.swift */; };
		B6FFE9B34760DB9760F6F035 /* AccountMusicSource.swift in Sources */ = {isa = PBXBuildFile; fileRef = 4EA2E1A48CBD8D8307D47212 /* AccountMusicSource.swift */; };
		B7E5C80664487C1D748EF6D4 /* PresencePackageStore.swift in Sources */ = {isa = PBXBuildFile; fileRef = 4BC287B276AB0F4EDFACFE51 /* PresencePackageStore.swift */; };
		B80D0EC6A0BCEBE17501EEC0 /* SettingsMenuActionTests.swift in Sources */ = {isa = PBXBuildFile; fileRef = 344E89599D7920F3C43236A7 /* SettingsMenuActionTests.swift */; };
		B89E20895CA75F9F7D7F3273 /* StageRenderer.swift in Sources */ = {isa = PBXBuildFile; fileRef = 5A6C86414835DF4802A8272E /* StageRenderer.swift */; };
		BA5164930B513A70083CCFC5 /* StagePresentationModel.swift in Sources */ = {isa = PBXBuildFile; fileRef = DCF719BB745F9C7E94029828 /* StagePresentationModel.swift */; };
		D721C4D533DAA4D461CEF6D2 /* PlaybackContext.swift in Sources */ = {isa = PBXBuildFile; fileRef = F2457A76CBF19C18E6D386EE /* PlaybackContext.swift */; };
		D807A54C3784A2FF10D4278D /* LiveKit in Frameworks */ = {isa = PBXBuildFile; productRef = 90774BF1A310244C65F85C37 /* LiveKit */; };
		D8D0906855E8347D014683A6 /* StageWindowController.swift in Sources */ = {isa = PBXBuildFile; fileRef = FC8DB2FC6BF5BF149BD893CC /* StageWindowController.swift */; };
		E07CACC669D4A648231EE3A0 /* VisualAudioFeatureExtractor.swift in Sources */ = {isa = PBXBuildFile; fileRef = 36C707778632484C921F090C /* VisualAudioFeatureExtractor.swift */; };
		E1E72C29EB3D2A8256F43741 /* RealtimeDJSession.swift in Sources */ = {isa = PBXBuildFile; fileRef = 216A6D94509E4915BCC18C7C /* RealtimeDJSession.swift */; };
		E49527753955135A51F8363E /* Stage.metal in Sources */ = {isa = PBXBuildFile; fileRef = E13F2FD5A9D73C17F8A9C25F /* Stage.metal */; };
		E52D5016BAD977B057280529 /* StageWindowControllerTests.swift in Sources */ = {isa = PBXBuildFile; fileRef = 2D6999758740371B4CC8758D /* StageWindowControllerTests.swift */; };
		E81E054C1A88065C8B12E130 /* StagePresentationModelTests.swift in Sources */ = {isa = PBXBuildFile; fileRef = BDCE4DF69A7F8E8FCB4244B2 /* StagePresentationModelTests.swift */; };
		E9D4C5A74FBBB188DEC917B3 /* OrbRenderer.swift in Sources */ = {isa = PBXBuildFile; fileRef = BF9A4902E75F2E8D7081C852 /* OrbRenderer.swift */; };
		EFD2489E256D52E3C94F0E23 /* PresenceCommandService.swift in Sources */ = {isa = PBXBuildFile; fileRef = 20C65C2BD0FD2417BAFBD387 /* PresenceCommandService.swift */; };
		F0690A251B2C15D06A0AE304 /* RealtimeDJSessionTests.swift in Sources */ = {isa = PBXBuildFile; fileRef = A303D7B9477D9BFF5F5544D2 /* RealtimeDJSessionTests.swift */; };
		F1EB3984A5FF0E2D1F44DC7B /* OrbUniforms.swift in Sources */ = {isa = PBXBuildFile; fileRef = 47876636EF21649388CE59E3 /* OrbUniforms.swift */; };
		F6B25B4461EF5E3DAB875AF1 /* StageUniforms.swift in Sources */ = {isa = PBXBuildFile; fileRef = B0722D05FE2415482B25F659 /* StageUniforms.swift */; };
		F7389A2ED65FC4849A86CEC4 /* BailianRealtimeEventMapper.swift in Sources */ = {isa = PBXBuildFile; fileRef = A4E48BCF663DCFB840547923 /* BailianRealtimeEventMapper.swift */; };
		F82CBCB8CD8F6D0BBEFC538F /* ProviderEventMapperTests.swift in Sources */ = {isa = PBXBuildFile; fileRef = CA45B2F39C34F3F44A24A4FE /* ProviderEventMapperTests.swift */; };
		F83BDCD045FC0F46E849868C /* WindowPlacementTests.swift in Sources */ = {isa = PBXBuildFile; fileRef = 9968CE566BC39260555871B7 /* WindowPlacementTests.swift */; };
		F8928F63DF1AF0D26D9D258B /* PresenceSettingsView.swift in Sources */ = {isa = PBXBuildFile; fileRef = 6A98371838646D4018D596A5 /* PresenceSettingsView.swift */; };
		F9AFBCD0A63C8A453D1F2199 /* OrbWindowController.swift in Sources */ = {isa = PBXBuildFile; fileRef = 38784FBC97203965A192FDAC /* OrbWindowController.swift */; };
		FEB695324573D6CFD1F22958 /* KeychainMusicProviderSessionStore.swift in Sources */ = {isa = PBXBuildFile; fileRef = E040D830C5842BD73D5F5C12 /* KeychainMusicProviderSessionStore.swift */; };
/* End PBXBuildFile section */

/* Begin PBXContainerItemProxy section */
		964EBABEAE125C2B60AE7CC9 /* PBXContainerItemProxy */ = {
			isa = PBXContainerItemProxy;
			containerPortal = 2EA5368F7E342CCC6B89784A /* Project object */;
			proxyType = 1;
			remoteGlobalIDString = 39C5E2FFAA896B112B1DD11E;
			remoteInfo = GMGNRadio;
		};
/* End PBXContainerItemProxy section */

/* Begin PBXFileReference section */
		004DBF16E7B8E5F738731129 /* MetalStageView.swift */ = {isa = PBXFileReference; lastKnownFileType = sourcecode.swift; path = MetalStageView.swift; sourceTree = "<group>"; };
		07A8377E0830ED4ED8D57DB6 /* PresenceSettingsModel.swift */ = {isa = PBXFileReference; lastKnownFileType = sourcecode.swift; path = PresenceSettingsModel.swift; sourceTree = "<group>"; };
		07DE01676AC401339B9DCC2F /* OrbMotionModel.swift */ = {isa = PBXFileReference; lastKnownFileType = sourcecode.swift; path = OrbMotionModel.swift; sourceTree = "<group>"; };
		091F9A1DA278A0DA5C8E4A4E /* ProgramPlannerTests.swift */ = {isa = PBXFileReference; lastKnownFileType = sourcecode.swift; path = ProgramPlannerTests.swift; sourceTree = "<group>"; };
		11BA68B35282B593CC2E7F32 /* StageCameraModelTests.swift */ = {isa = PBXFileReference; lastKnownFileType = sourcecode.swift; path = StageCameraModelTests.swift; sourceTree = "<group>"; };
		1445F76B4536834CB72C2EE3 /* ElevenLabsAudioLevelRenderer.swift */ = {isa = PBXFileReference; lastKnownFileType = sourcecode.swift; path = ElevenLabsAudioLevelRenderer.swift; sourceTree = "<group>"; };
		19D1AC1EED8E537124163209 /* MusicProviderSession.swift */ = {isa = PBXFileReference; lastKnownFileType = sourcecode.swift; path = MusicProviderSession.swift; sourceTree = "<group>"; };
		1B2A3586C14E9FEC3F15B9AF /* StageCameraModel.swift */ = {isa = PBXFileReference; lastKnownFileType = sourcecode.swift; path = StageCameraModel.swift; sourceTree = "<group>"; };
		20C65C2BD0FD2417BAFBD387 /* PresenceCommandService.swift */ = {isa = PBXFileReference; lastKnownFileType = sourcecode.swift; path = PresenceCommandService.swift; sourceTree = "<group>"; };
		216A6D94509E4915BCC18C7C /* RealtimeDJSession.swift */ = {isa = PBXFileReference; lastKnownFileType = sourcecode.swift; path = RealtimeDJSession.swift; sourceTree = "<group>"; };
		2D6999758740371B4CC8758D /* StageWindowControllerTests.swift */ = {isa = PBXFileReference; lastKnownFileType = sourcecode.swift; path = StageWindowControllerTests.swift; sourceTree = "<group>"; };
		31B4ED03B824DB23844C3DB1 /* StageParticleGeometry.swift */ = {isa = PBXFileReference; lastKnownFileType = sourcecode.swift; path = StageParticleGeometry.swift; sourceTree = "<group>"; };
		344E89599D7920F3C43236A7 /* SettingsMenuActionTests.swift */ = {isa = PBXFileReference; lastKnownFileType = sourcecode.swift; path = SettingsMenuActionTests.swift; sourceTree = "<group>"; };
		3559685E6AD36B0070B98424 /* RealtimeDJSessionControllerTests.swift */ = {isa = PBXFileReference; lastKnownFileType = sourcecode.swift; path = RealtimeDJSessionControllerTests.swift; sourceTree = "<group>"; };
		35E621D7E364E2B9BAFF1036 /* PresenceCommandServiceTests.swift */ = {isa = PBXFileReference; lastKnownFileType = sourcecode.swift; path = PresenceCommandServiceTests.swift; sourceTree = "<group>"; };
		36C707778632484C921F090C /* VisualAudioFeatureExtractor.swift */ = {isa = PBXFileReference; lastKnownFileType = sourcecode.swift; path = VisualAudioFeatureExtractor.swift; sourceTree = "<group>"; };
		38784FBC97203965A192FDAC /* OrbWindowController.swift */ = {isa = PBXFileReference; lastKnownFileType = sourcecode.swift; path = OrbWindowController.swift; sourceTree = "<group>"; };
		39FC866C894AFC1D958539BF /* GMGNRadioApp.swift */ = {isa = PBXFileReference; lastKnownFileType = sourcecode.swift; path = GMGNRadioApp.swift; sourceTree = "<group>"; };
		3C5D0DADBAA7035525DDE57F /* UnifiedMusicSearchTests.swift */ = {isa = PBXFileReference; lastKnownFileType = sourcecode.swift; path = UnifiedMusicSearchTests.swift; sourceTree = "<group>"; };
		4374B4687559AEDE957A3117 /* Orb.metal */ = {isa = PBXFileReference; lastKnownFileType = sourcecode.metal; path = Orb.metal; sourceTree = "<group>"; };
		43F2D91E87ABAC0F51F8C126 /* OrbState.swift */ = {isa = PBXFileReference; lastKnownFileType = sourcecode.swift; path = OrbState.swift; sourceTree = "<group>"; };
		4754EBB9C64ED51C00FF0F3C /* VisualAudioFeatureExtractorTests.swift */ = {isa = PBXFileReference; lastKnownFileType = sourcecode.swift; path = VisualAudioFeatureExtractorTests.swift; sourceTree = "<group>"; };
		47876636EF21649388CE59E3 /* OrbUniforms.swift */ = {isa = PBXFileReference; lastKnownFileType = sourcecode.swift; path = OrbUniforms.swift; sourceTree = "<group>"; };
		4BC287B276AB0F4EDFACFE51 /* PresencePackageStore.swift */ = {isa = PBXFileReference; lastKnownFileType = sourcecode.swift; path = PresencePackageStore.swift; sourceTree = "<group>"; };
		4EA2E1A48CBD8D8307D47212 /* AccountMusicSource.swift */ = {isa = PBXFileReference; lastKnownFileType = sourcecode.swift; path = AccountMusicSource.swift; sourceTree = "<group>"; };
		5A6C86414835DF4802A8272E /* StageRenderer.swift */ = {isa = PBXFileReference; lastKnownFileType = sourcecode.swift; path = StageRenderer.swift; sourceTree = "<group>"; };
		5CF6A9DCAC8752FE6AEFD4EC /* ImmersiveSceneController.swift */ = {isa = PBXFileReference; lastKnownFileType = sourcecode.swift; path = ImmersiveSceneController.swift; sourceTree = "<group>"; };
		6A98371838646D4018D596A5 /* PresenceSettingsView.swift */ = {isa = PBXFileReference; lastKnownFileType = sourcecode.swift; path = PresenceSettingsView.swift; sourceTree = "<group>"; };
		77166FE9E4995A36C34A2D90 /* GMGNRadioTests.xctest */ = {isa = PBXFileReference; explicitFileType = wrapper.cfbundle; includeInIndex = 0; path = GMGNRadioTests.xctest; sourceTree = BUILT_PRODUCTS_DIR; };
		85D5EE9963FDAFB9A0BEE96B /* StageUniformTests.swift */ = {isa = PBXFileReference; lastKnownFileType = sourcecode.swift; path = StageUniformTests.swift; sourceTree = "<group>"; };
		8A9A0DF149EE2164BBDE40EB /* OrbMotionModelTests.swift */ = {isa = PBXFileReference; lastKnownFileType = sourcecode.swift; path = OrbMotionModelTests.swift; sourceTree = "<group>"; };
		908F400DB2F1BAA7F52A31FB /* GMGNRadio.app */ = {isa = PBXFileReference; explicitFileType = wrapper.application; includeInIndex = 0; path = GMGNRadio.app; sourceTree = BUILT_PRODUCTS_DIR; };
		96E6D962FE7287F48210926F /* UnifiedMusicSearch.swift */ = {isa = PBXFileReference; lastKnownFileType = sourcecode.swift; path = UnifiedMusicSearch.swift; sourceTree = "<group>"; };
		9758A4F0754760FA0AB854CA /* DoubaoRTCEventMapper.swift */ = {isa = PBXFileReference; lastKnownFileType = sourcecode.swift; path = DoubaoRTCEventMapper.swift; sourceTree = "<group>"; };
		9968CE566BC39260555871B7 /* WindowPlacementTests.swift */ = {isa = PBXFileReference; lastKnownFileType = sourcecode.swift; path = WindowPlacementTests.swift; sourceTree = "<group>"; };
		9A5BF72176B81DD186790642 /* OrbPanel.swift */ = {isa = PBXFileReference; lastKnownFileType = sourcecode.swift; path = OrbPanel.swift; sourceTree = "<group>"; };
		A303D7B9477D9BFF5F5544D2 /* RealtimeDJSessionTests.swift */ = {isa = PBXFileReference; lastKnownFileType = sourcecode.swift; path = RealtimeDJSessionTests.swift; sourceTree = "<group>"; };
		A4C1A38CFE1FE5149D76CC08 /* OrbUniformTests.swift */ = {isa = PBXFileReference; lastKnownFileType = sourcecode.swift; path = OrbUniformTests.swift; sourceTree = "<group>"; };
		A4E48BCF663DCFB840547923 /* BailianRealtimeEventMapper.swift */ = {isa = PBXFileReference; lastKnownFileType = sourcecode.swift; path = BailianRealtimeEventMapper.swift; sourceTree = "<group>"; };
		AC10161C41BE8EB05A51FC8D /* AppSmokeTests.swift */ = {isa = PBXFileReference; lastKnownFileType = sourcecode.swift; path = AppSmokeTests.swift; sourceTree = "<group>"; };
		AE207F3AFC138651AB03E8DB /* MusicSource.swift */ = {isa = PBXFileReference; lastKnownFileType = sourcecode.swift; path = MusicSource.swift; sourceTree = "<group>"; };
		AF6190681ED5961F6C2903FE /* AccountMusicSourceTests.swift */ = {isa = PBXFileReference; lastKnownFileType = sourcecode.swift; path = AccountMusicSourceTests.swift; sourceTree = "<group>"; };
		B0722D05FE2415482B25F659 /* StageUniforms.swift */ = {isa = PBXFileReference; lastKnownFileType = sourcecode.swift; path = StageUniforms.swift; sourceTree = "<group>"; };
		B0F3CB58D63948E17D4EC76C /* ElevenLabsSDKConversationTransport.swift */ = {isa = PBXFileReference; lastKnownFileType = sourcecode.swift; path = ElevenLabsSDKConversationTransport.swift; sourceTree = "<group>"; };
		BA8AFFDEBE45F4BC907FDDA1 /* ProgramDecision.swift */ = {isa = PBXFileReference; lastKnownFileType = sourcecode.swift; path = ProgramDecision.swift; sourceTree = "<group>"; };
		BBAA0158B7BFF631FD685449 /* DJState.swift */ = {isa = PBXFileReference; lastKnownFileType = sourcecode.swift; path = DJState.swift; sourceTree = "<group>"; };
		BBB583E2AA3BD7F6DA17AED6 /* DJStateTests.swift */ = {isa = PBXFileReference; lastKnownFileType = sourcecode.swift; path = DJStateTests.swift; sourceTree = "<group>"; };
		BDCE4DF69A7F8E8FCB4244B2 /* StagePresentationModelTests.swift */ = {isa = PBXFileReference; lastKnownFileType = sourcecode.swift; path = StagePresentationModelTests.swift; sourceTree = "<group>"; };
		BF9A4902E75F2E8D7081C852 /* OrbRenderer.swift */ = {isa = PBXFileReference; lastKnownFileType = sourcecode.swift; path = OrbRenderer.swift; sourceTree = "<group>"; };
		C37C91B042237E14E18265B7 /* ElevenLabsRealtimeSession.swift */ = {isa = PBXFileReference; lastKnownFileType = sourcecode.swift; path = ElevenLabsRealtimeSession.swift; sourceTree = "<group>"; };
		C4F34AA02B66339224A58988 /* StageOverlayView.swift */ = {isa = PBXFileReference; lastKnownFileType = sourcecode.swift; path = StageOverlayView.swift; sourceTree = "<group>"; };
		C9BED59FEA722CB9CBF88096 /* WindowPlacement.swift */ = {isa = PBXFileReference; lastKnownFileType = sourcecode.swift; path = WindowPlacement.swift; sourceTree = "<group>"; };
		CA45B2F39C34F3F44A24A4FE /* ProviderEventMapperTests.swift */ = {isa = PBXFileReference; lastKnownFileType = sourcecode.swift; path = ProviderEventMapperTests.swift; sourceTree = "<group>"; };
		CE95E971E1A8C2085882DD3C /* Immersive.metal */ = {isa = PBXFileReference; lastKnownFileType = sourcecode.metal; path = Immersive.metal; sourceTree = "<group>"; };
		D61973FBC289CA1574CC7E72 /* ElevenLabsAudioLevelRendererTests.swift */ = {isa = PBXFileReference; lastKnownFileType = sourcecode.swift; path = ElevenLabsAudioLevelRendererTests.swift; sourceTree = "<group>"; };
		D6ADB71DE1D4B227CC6BDDB4 /* ElevenLabsRealtimeEventMapper.swift */ = {isa = PBXFileReference; lastKnownFileType = sourcecode.swift; path = ElevenLabsRealtimeEventMapper.swift; sourceTree = "<group>"; };
		DCF719BB745F9C7E94029828 /* StagePresentationModel.swift */ = {isa = PBXFileReference; lastKnownFileType = sourcecode.swift; path = StagePresentationModel.swift; sourceTree = "<group>"; };
		E012C530DC089221A1FE34C1 /* ProgramPlanner.swift */ = {isa = PBXFileReference; lastKnownFileType = sourcecode.swift; path = ProgramPlanner.swift; sourceTree = "<group>"; };
		E040D830C5842BD73D5F5C12 /* KeychainMusicProviderSessionStore.swift */ = {isa = PBXFileReference; lastKnownFileType = sourcecode.swift; path = KeychainMusicProviderSessionStore.swift; sourceTree = "<group>"; };
		E10077CC5B0FFD300B288B48 /* PresenceManifest.swift */ = {isa = PBXFileReference; lastKnownFileType = sourcecode.swift; path = PresenceManifest.swift; sourceTree = "<group>"; };
		E13F2FD5A9D73C17F8A9C25F /* Stage.metal */ = {isa = PBXFileReference; lastKnownFileType = sourcecode.metal; path = Stage.metal; sourceTree = "<group>"; };
		E442A4484F6338F0288177A4 /* ElevenLabsRealtimeSessionTests.swift */ = {isa = PBXFileReference; lastKnownFileType = sourcecode.swift; path = ElevenLabsRealtimeSessionTests.swift; sourceTree = "<group>"; };
		E6928DE615B4CCBB86C03160 /* PresencePackageStoreTests.swift */ = {isa = PBXFileReference; lastKnownFileType = sourcecode.swift; path = PresencePackageStoreTests.swift; sourceTree = "<group>"; };
		F2457A76CBF19C18E6D386EE /* PlaybackContext.swift */ = {isa = PBXFileReference; lastKnownFileType = sourcecode.swift; path = PlaybackContext.swift; sourceTree = "<group>"; };
		F64257C748D0B7218B3CCDD1 /* StageParticleGeometryTests.swift */ = {isa = PBXFileReference; lastKnownFileType = sourcecode.swift; path = StageParticleGeometryTests.swift; sourceTree = "<group>"; };
		F934C041C38E2FBEE9EFAEB7 /* OrbMetalView.swift */ = {isa = PBXFileReference; lastKnownFileType = sourcecode.swift; path = OrbMetalView.swift; sourceTree = "<group>"; };
		FB1A15690B115ECC57F64F9E /* RealtimeDJSessionController.swift */ = {isa = PBXFileReference; lastKnownFileType = sourcecode.swift; path = RealtimeDJSessionController.swift; sourceTree = "<group>"; };
		FC8DB2FC6BF5BF149BD893CC /* StageWindowController.swift */ = {isa = PBXFileReference; lastKnownFileType = sourcecode.swift; path = StageWindowController.swift; sourceTree = "<group>"; };
/* End PBXFileReference section */

/* Begin PBXFrameworksBuildPhase section */
		AAB3705DDCF6052B1B5954CC /* Frameworks */ = {
			isa = PBXFrameworksBuildPhase;
			buildActionMask = 2147483647;
			files = (
				3CA44B7D58C477B0301558E4 /* ElevenLabs in Frameworks */,
				D807A54C3784A2FF10D4278D /* LiveKit in Frameworks */,
			);
			runOnlyForDeploymentPostprocessing = 0;
		};
/* End PBXFrameworksBuildPhase section */

/* Begin PBXGroup section */
		15C93DD16DBE0908A8AEC98C /* DesktopPresence */ = {
			isa = PBXGroup;
			children = (
				9968CE566BC39260555871B7 /* WindowPlacementTests.swift */,
			);
			path = DesktopPresence;
			sourceTree = "<group>";
		};
		17C10A9A5615C80EB8EEC1E6 /* GMGNRadio */ = {
			isa = PBXGroup;
			children = (
				997708EE7C8D6B44BBE853C1 /* App */,
				44022FC60EA3997DFF443D98 /* DesktopPresence */,
				B30B7EC3E55C63F8C198A5A8 /* DJCore */,
				53B590FD408B0A4A739508B5 /* Domain */,
				19CC55771B2173DC737025A8 /* MusicSources */,
				89F2AA25D318725B8CCE37D6 /* Presence */,
				A3C7C5F9101A6D5033EE36BB /* Settings */,
				1A0FDB0DF3340F453EE75B6C /* VisualEngine */,
				1EC32E4E995C7CB6FC81AC28 /* VoiceSession */,
			);
			name = GMGNRadio;
			path = Sources/GMGNRadio;
			sourceTree = "<group>";
		};
		19CC55771B2173DC737025A8 /* MusicSources */ = {
			isa = PBXGroup;
			children = (
				4EA2E1A48CBD8D8307D47212 /* AccountMusicSource.swift */,
				E040D830C5842BD73D5F5C12 /* KeychainMusicProviderSessionStore.swift */,
				19D1AC1EED8E537124163209 /* MusicProviderSession.swift */,
				AE207F3AFC138651AB03E8DB /* MusicSource.swift */,
				96E6D962FE7287F48210926F /* UnifiedMusicSearch.swift */,
			);
			path = MusicSources;
			sourceTree = "<group>";
		};
		1A0FDB0DF3340F453EE75B6C /* VisualEngine */ = {
			isa = PBXGroup;
			children = (
				5CF6A9DCAC8752FE6AEFD4EC /* ImmersiveSceneController.swift */,
				07DE01676AC401339B9DCC2F /* OrbMotionModel.swift */,
				1B2A3586C14E9FEC3F15B9AF /* StageCameraModel.swift */,
				C4F34AA02B66339224A58988 /* StageOverlayView.swift */,
				31B4ED03B824DB23844C3DB1 /* StageParticleGeometry.swift */,
				DCF719BB745F9C7E94029828 /* StagePresentationModel.swift */,
				FC8DB2FC6BF5BF149BD893CC /* StageWindowController.swift */,
				36C707778632484C921F090C /* VisualAudioFeatureExtractor.swift */,
				ACD0081809AE14CD18CA9B01 /* Metal */,
				FADF1993EFF32F42FB011F72 /* Shaders */,
			);
			path = VisualEngine;
			sourceTree = "<group>";
		};
		1B68B282FA71F2A571E194DF /* Domain */ = {
			isa = PBXGroup;
			children = (
				BBB583E2AA3BD7F6DA17AED6 /* DJStateTests.swift */,
			);
			path = Domain;
			sourceTree = "<group>";
		};
		1D2EE28C977FAECC56D4DC36 /* Settings */ = {
			isa = PBXGroup;
			children = (
				35E621D7E364E2B9BAFF1036 /* PresenceCommandServiceTests.swift */,
				344E89599D7920F3C43236A7 /* SettingsMenuActionTests.swift */,
			);
			path = Settings;
			sourceTree = "<group>";
		};
		1EC32E4E995C7CB6FC81AC28 /* VoiceSession */ = {
			isa = PBXGroup;
			children = (
				216A6D94509E4915BCC18C7C /* RealtimeDJSession.swift */,
				FB1A15690B115ECC57F64F9E /* RealtimeDJSessionController.swift */,
				6C395170DC77EA0600E6DF35 /* Providers */,
			);
			path = VoiceSession;
			sourceTree = "<group>";
		};
		32F1150EE079C474581520FB /* DJCore */ = {
			isa = PBXGroup;
			children = (
				091F9A1DA278A0DA5C8E4A4E /* ProgramPlannerTests.swift */,
			);
			path = DJCore;
			sourceTree = "<group>";
		};
		3DC07018658EA66A469705D0 /* MusicSources */ = {
			isa = PBXGroup;
			children = (
				AF6190681ED5961F6C2903FE /* AccountMusicSourceTests.swift */,
				3C5D0DADBAA7035525DDE57F /* UnifiedMusicSearchTests.swift */,
			);
			path = MusicSources;
			sourceTree = "<group>";
		};
		44022FC60EA3997DFF443D98 /* DesktopPresence */ = {
			isa = PBXGroup;
			children = (
				9A5BF72176B81DD186790642 /* OrbPanel.swift */,
				38784FBC97203965A192FDAC /* OrbWindowController.swift */,
				C9BED59FEA722CB9CBF88096 /* WindowPlacement.swift */,
			);
			path = DesktopPresence;
			sourceTree = "<group>";
		};
		529F0EBC827F175008277FA7 /* ElevenLabs */ = {
			isa = PBXGroup;
			children = (
				1445F76B4536834CB72C2EE3 /* ElevenLabsAudioLevelRenderer.swift */,
				D6ADB71DE1D4B227CC6BDDB4 /* ElevenLabsRealtimeEventMapper.swift */,
				C37C91B042237E14E18265B7 /* ElevenLabsRealtimeSession.swift */,
				B0F3CB58D63948E17D4EC76C /* ElevenLabsSDKConversationTransport.swift */,
			);
			path = ElevenLabs;
			sourceTree = "<group>";
		};
		53B590FD408B0A4A739508B5 /* Domain */ = {
			isa = PBXGroup;
			children = (
				BBAA0158B7BFF631FD685449 /* DJState.swift */,
				43F2D91E87ABAC0F51F8C126 /* OrbState.swift */,
				F2457A76CBF19C18E6D386EE /* PlaybackContext.swift */,
				BA8AFFDEBE45F4BC907FDDA1 /* ProgramDecision.swift */,
			);
			path = Domain;
			sourceTree = "<group>";
		};
		5A2E9EA8943A906D2935AE83 /* Bailian */ = {
			isa = PBXGroup;
			children = (
				A4E48BCF663DCFB840547923 /* BailianRealtimeEventMapper.swift */,
			);
			path = Bailian;
			sourceTree = "<group>";
		};
		6C395170DC77EA0600E6DF35 /* Providers */ = {
			isa = PBXGroup;
			children = (
				5A2E9EA8943A906D2935AE83 /* Bailian */,
				AE44A01979ACE3F624F35EFE /* Doubao */,
				529F0EBC827F175008277FA7 /* ElevenLabs */,
			);
			path = Providers;
			sourceTree = "<group>";
		};
		71F07F2698B35D79C192ECA7 /* GMGNRadioTests */ = {
			isa = PBXGroup;
			children = (
				AC10161C41BE8EB05A51FC8D /* AppSmokeTests.swift */,
				15C93DD16DBE0908A8AEC98C /* DesktopPresence */,
				32F1150EE079C474581520FB /* DJCore */,
				1B68B282FA71F2A571E194DF /* Domain */,
				3DC07018658EA66A469705D0 /* MusicSources */,
				DF75A164984D37A44BE2D398 /* Presence */,
				1D2EE28C977FAECC56D4DC36 /* Settings */,
				BBF952DA6DD9ACDCA0DD9C71 /* VisualEngine */,
				A7FD6E0646DE35190D332163 /* VoiceSession */,
			);
			name = GMGNRadioTests;
			path = Tests/GMGNRadioTests;
			sourceTree = "<group>";
		};
		89F2AA25D318725B8CCE37D6 /* Presence */ = {
			isa = PBXGroup;
			children = (
				E10077CC5B0FFD300B288B48 /* PresenceManifest.swift */,
				4BC287B276AB0F4EDFACFE51 /* PresencePackageStore.swift */,
			);
			path = Presence;
			sourceTree = "<group>";
		};
		98A0C8D4DB11177CABB1D8F7 /* Products */ = {
			isa = PBXGroup;
			children = (
				908F400DB2F1BAA7F52A31FB /* GMGNRadio.app */,
				77166FE9E4995A36C34A2D90 /* GMGNRadioTests.xctest */,
			);
			name = Products;
			sourceTree = "<group>";
		};
		997708EE7C8D6B44BBE853C1 /* App */ = {
			isa = PBXGroup;
			children = (
				39FC866C894AFC1D958539BF /* GMGNRadioApp.swift */,
			);
			path = App;
			sourceTree = "<group>";
		};
		A3C7C5F9101A6D5033EE36BB /* Settings */ = {
			isa = PBXGroup;
			children = (
				20C65C2BD0FD2417BAFBD387 /* PresenceCommandService.swift */,
				07A8377E0830ED4ED8D57DB6 /* PresenceSettingsModel.swift */,
				6A98371838646D4018D596A5 /* PresenceSettingsView.swift */,
			);
			path = Settings;
			sourceTree = "<group>";
		};
		A7FD6E0646DE35190D332163 /* VoiceSession */ = {
			isa = PBXGroup;
			children = (
				D61973FBC289CA1574CC7E72 /* ElevenLabsAudioLevelRendererTests.swift */,
				E442A4484F6338F0288177A4 /* ElevenLabsRealtimeSessionTests.swift */,
				CA45B2F39C34F3F44A24A4FE /* ProviderEventMapperTests.swift */,
				3559685E6AD36B0070B98424 /* RealtimeDJSessionControllerTests.swift */,
				A303D7B9477D9BFF5F5544D2 /* RealtimeDJSessionTests.swift */,
			);
			path = VoiceSession;
			sourceTree = "<group>";
		};
		ACD0081809AE14CD18CA9B01 /* Metal */ = {
			isa = PBXGroup;
			children = (
				004DBF16E7B8E5F738731129 /* MetalStageView.swift */,
				F934C041C38E2FBEE9EFAEB7 /* OrbMetalView.swift */,
				BF9A4902E75F2E8D7081C852 /* OrbRenderer.swift */,
				47876636EF21649388CE59E3 /* OrbUniforms.swift */,
				5A6C86414835DF4802A8272E /* StageRenderer.swift */,
				B0722D05FE2415482B25F659 /* StageUniforms.swift */,
			);
			path = Metal;
			sourceTree = "<group>";
		};
		AE44A01979ACE3F624F35EFE /* Doubao */ = {
			isa = PBXGroup;
			children = (
				9758A4F0754760FA0AB854CA /* DoubaoRTCEventMapper.swift */,
			);
			path = Doubao;
			sourceTree = "<group>";
		};
		B30B7EC3E55C63F8C198A5A8 /* DJCore */ = {
			isa = PBXGroup;
			children = (
				E012C530DC089221A1FE34C1 /* ProgramPlanner.swift */,
			);
			path = DJCore;
			sourceTree = "<group>";
		};
		BBF952DA6DD9ACDCA0DD9C71 /* VisualEngine */ = {
			isa = PBXGroup;
			children = (
				8A9A0DF149EE2164BBDE40EB /* OrbMotionModelTests.swift */,
				A4C1A38CFE1FE5149D76CC08 /* OrbUniformTests.swift */,
				11BA68B35282B593CC2E7F32 /* StageCameraModelTests.swift */,
				F64257C748D0B7218B3CCDD1 /* StageParticleGeometryTests.swift */,
				BDCE4DF69A7F8E8FCB4244B2 /* StagePresentationModelTests.swift */,
				85D5EE9963FDAFB9A0BEE96B /* StageUniformTests.swift */,
				2D6999758740371B4CC8758D /* StageWindowControllerTests.swift */,
				4754EBB9C64ED51C00FF0F3C /* VisualAudioFeatureExtractorTests.swift */,
			);
			path = VisualEngine;
			sourceTree = "<group>";
		};
		D640DB89E934CAAF4C06A243 = {
			isa = PBXGroup;
			children = (
				17C10A9A5615C80EB8EEC1E6 /* GMGNRadio */,
				71F07F2698B35D79C192ECA7 /* GMGNRadioTests */,
				98A0C8D4DB11177CABB1D8F7 /* Products */,
			);
			sourceTree = "<group>";
		};
		DF75A164984D37A44BE2D398 /* Presence */ = {
			isa = PBXGroup;
			children = (
				E6928DE615B4CCBB86C03160 /* PresencePackageStoreTests.swift */,
			);
			path = Presence;
			sourceTree = "<group>";
		};
		FADF1993EFF32F42FB011F72 /* Shaders */ = {
			isa = PBXGroup;
			children = (
				CE95E971E1A8C2085882DD3C /* Immersive.metal */,
				4374B4687559AEDE957A3117 /* Orb.metal */,
				E13F2FD5A9D73C17F8A9C25F /* Stage.metal */,
			);
			path = Shaders;
			sourceTree = "<group>";
		};
/* End PBXGroup section */

/* Begin PBXNativeTarget section */
		39C5E2FFAA896B112B1DD11E /* GMGNRadio */ = {
			isa = PBXNativeTarget;
			buildConfigurationList = 76FAB07E3F06F0E105DE73E7 /* Build configuration list for PBXNativeTarget "GMGNRadio" */;
			buildPhases = (
				A810C423A20A4EE28465384F /* Sources */,
				AAB3705DDCF6052B1B5954CC /* Frameworks */,
			);
			buildRules = (
			);
			dependencies = (
			);
			name = GMGNRadio;
			packageProductDependencies = (
				C87548AD309AC59561DE9A6E /* ElevenLabs */,
				90774BF1A310244C65F85C37 /* LiveKit */,
			);
			productName = GMGNRadio;
			productReference = 908F400DB2F1BAA7F52A31FB /* GMGNRadio.app */;
			productType = "com.apple.product-type.application";
		};
		906231C66390D819AF8DAAB2 /* GMGNRadioTests */ = {
			isa = PBXNativeTarget;
			buildConfigurationList = 7BD11F20F8EB619FD4EFCD48 /* Build configuration list for PBXNativeTarget "GMGNRadioTests" */;
			buildPhases = (
				9838C952AD10F5703F7A274B /* Sources */,
			);
			buildRules = (
			);
			dependencies = (
				88DF3E153803F3D5DFC6725F /* PBXTargetDependency */,
			);
			name = GMGNRadioTests;
			packageProductDependencies = (
			);
			productName = GMGNRadioTests;
			productReference = 77166FE9E4995A36C34A2D90 /* GMGNRadioTests.xctest */;
			productType = "com.apple.product-type.bundle.unit-test";
		};
/* End PBXNativeTarget section */

/* Begin PBXProject section */
		2EA5368F7E342CCC6B89784A /* Project object */ = {
			isa = PBXProject;
			attributes = {
				BuildIndependentTargetsInParallel = YES;
				LastUpgradeCheck = 1430;
				TargetAttributes = {
					39C5E2FFAA896B112B1DD11E = {
						DevelopmentTeam = "";
					};
					906231C66390D819AF8DAAB2 = {
						DevelopmentTeam = "";
					};
				};
			};
			buildConfigurationList = 69CDDE3DAA0F2F5768E69156 /* Build configuration list for PBXProject "GMGNRadio" */;
			developmentRegion = en;
			hasScannedForEncodings = 0;
			knownRegions = (
				Base,
				en,
			);
			mainGroup = D640DB89E934CAAF4C06A243;
			minimizedProjectReferenceProxies = 1;
			packageReferences = (
				D93490A94A44886318F0866A /* XCRemoteSwiftPackageReference "elevenlabs-swift-sdk" */,
				A6BA4621A86C8CACD268898D /* XCRemoteSwiftPackageReference "client-sdk-swift" */,
			);
			preferredProjectObjectVersion = 77;
			productRefGroup = 98A0C8D4DB11177CABB1D8F7 /* Products */;
			projectDirPath = "";
			projectRoot = "";
			targets = (
				39C5E2FFAA896B112B1DD11E /* GMGNRadio */,
				906231C66390D819AF8DAAB2 /* GMGNRadioTests */,
			);
		};
/* End PBXProject section */

/* Begin PBXSourcesBuildPhase section */
		9838C952AD10F5703F7A274B /* Sources */ = {
			isa = PBXSourcesBuildPhase;
			buildActionMask = 2147483647;
			files = (
				80AC6AC25FAE9E0FBCB11CDF /* AccountMusicSourceTests.swift in Sources */,
				1F04322C71F0C43CD2AEA3B6 /* AppSmokeTests.swift in Sources */,
				2D4E0673D2067888218B2BF5 /* DJStateTests.swift in Sources */,
				6F33A84A6365FF3418372AFC /* ElevenLabsAudioLevelRendererTests.swift in Sources */,
				AC9B9EFB9BD89EE723266DA5 /* ElevenLabsRealtimeSessionTests.swift in Sources */,
				761481871644BCC5C68DF17C /* OrbMotionModelTests.swift in Sources */,
				4A028323AC8B8CC8BC49939F /* OrbUniformTests.swift in Sources */,
				02C8D4C3FC22A2E5246AE573 /* PresenceCommandServiceTests.swift in Sources */,
				6457881F70FAC522542403A5 /* PresencePackageStoreTests.swift in Sources */,
				49C04625C4FC1B15B33833CE /* ProgramPlannerTests.swift in Sources */,
				F82CBCB8CD8F6D0BBEFC538F /* ProviderEventMapperTests.swift in Sources */,
				1B17067E6E5406867B2F3E18 /* RealtimeDJSessionControllerTests.swift in Sources */,
				F0690A251B2C15D06A0AE304 /* RealtimeDJSessionTests.swift in Sources */,
				B80D0EC6A0BCEBE17501EEC0 /* SettingsMenuActionTests.swift in Sources */,
				0CFFB80B888FA5C299572773 /* StageCameraModelTests.swift in Sources */,
				979D7A111DA0058F6F64F12A /* StageParticleGeometryTests.swift in Sources */,
				E81E054C1A88065C8B12E130 /* StagePresentationModelTests.swift in Sources */,
				9820DEC74A14B5BA053ED40C /* StageUniformTests.swift in Sources */,
				E52D5016BAD977B057280529 /* StageWindowControllerTests.swift in Sources */,
				343C7C4B77A94C27491DD866 /* UnifiedMusicSearchTests.swift in Sources */,
				36DFD6DCAE62D1F28614ABB0 /* VisualAudioFeatureExtractorTests.swift in Sources */,
				F83BDCD045FC0F46E849868C /* WindowPlacementTests.swift in Sources */,
			);
			runOnlyForDeploymentPostprocessing = 0;
		};
		A810C423A20A4EE28465384F /* Sources */ = {
			isa = PBXSourcesBuildPhase;
			buildActionMask = 2147483647;
			files = (
				B6FFE9B34760DB9760F6F035 /* AccountMusicSource.swift in Sources */,
				F7389A2ED65FC4849A86CEC4 /* BailianRealtimeEventMapper.swift in Sources */,
				559086501216765204D4B06C /* DJState.swift in Sources */,
				5F8E787A682533EA402207D8 /* DoubaoRTCEventMapper.swift in Sources */,
				392D015607812F33D609F32C /* ElevenLabsAudioLevelRenderer.swift in Sources */,
				35080BA80539BA5A8E091F8D /* ElevenLabsRealtimeEventMapper.swift in Sources */,
				97DEBAA4822A0FB6CCDA187B /* ElevenLabsRealtimeSession.swift in Sources */,
				8573E115B6C4C7AB8C10C1B8 /* ElevenLabsSDKConversationTransport.swift in Sources */,
				936430A6AC4FF9D7B3D62C5C /* GMGNRadioApp.swift in Sources */,
				AA95F2ACA1E99472A1547DB9 /* Immersive.metal in Sources */,
				A51F42242E8A5663CE0BC305 /* ImmersiveSceneController.swift in Sources */,
				FEB695324573D6CFD1F22958 /* KeychainMusicProviderSessionStore.swift in Sources */,
				417C56526A743FF9DA9B0A1B /* MetalStageView.swift in Sources */,
				6663E63CBD50E0B8BE5DF04C /* MusicProviderSession.swift in Sources */,
				ABDB36FE110EDF6A739619DD /* MusicSource.swift in Sources */,
				94A2BC7B04AA84C9A463CED6 /* Orb.metal in Sources */,
				A812DB23EA81DBB7D2B72B1D /* OrbMetalView.swift in Sources */,
				0A24E45110C36FCF5E8A7012 /* OrbMotionModel.swift in Sources */,
				35C3C8FFE3D1338719F0C54E /* OrbPanel.swift in Sources */,
				E9D4C5A74FBBB188DEC917B3 /* OrbRenderer.swift in Sources */,
				7A17C5E01AC43CD75E7C7195 /* OrbState.swift in Sources */,
				F1EB3984A5FF0E2D1F44DC7B /* OrbUniforms.swift in Sources */,
				F9AFBCD0A63C8A453D1F2199 /* OrbWindowController.swift in Sources */,
				D721C4D533DAA4D461CEF6D2 /* PlaybackContext.swift in Sources */,
				EFD2489E256D52E3C94F0E23 /* PresenceCommandService.swift in Sources */,
				4EC3D2F74514647D567B0C01 /* PresenceManifest.swift in Sources */,
				B7E5C80664487C1D748EF6D4 /* PresencePackageStore.swift in Sources */,
				966720FCB35C2DA9CD0439C1 /* PresenceSettingsModel.swift in Sources */,
				F8928F63DF1AF0D26D9D258B /* PresenceSettingsView.swift in Sources */,
				8F5213621CDE66174CBBDA8A /* ProgramDecision.swift in Sources */,
				217C5077C6A607B1E7EC9802 /* ProgramPlanner.swift in Sources */,
				E1E72C29EB3D2A8256F43741 /* RealtimeDJSession.swift in Sources */,
				AD473CDA80FF3D2D2D266FC6 /* RealtimeDJSessionController.swift in Sources */,
				E49527753955135A51F8363E /* Stage.metal in Sources */,
				68B069C0D0B6FC9CB8D4E3B9 /* StageCameraModel.swift in Sources */,
				61BB35DA9B528F5AFC2CEBD6 /* StageOverlayView.swift in Sources */,
				0BBBF2D1074DF8611BA19F4D /* StageParticleGeometry.swift in Sources */,
				BA5164930B513A70083CCFC5 /* StagePresentationModel.swift in Sources */,
				B89E20895CA75F9F7D7F3273 /* StageRenderer.swift in Sources */,
				F6B25B4461EF5E3DAB875AF1 /* StageUniforms.swift in Sources */,
				D8D0906855E8347D014683A6 /* StageWindowController.swift in Sources */,
				583709DB2BCEF0293ECDCD8B /* UnifiedMusicSearch.swift in Sources */,
				E07CACC669D4A648231EE3A0 /* VisualAudioFeatureExtractor.swift in Sources */,
				330C60A11D6B3849DFAFCE65 /* WindowPlacement.swift in Sources */,
			);
			runOnlyForDeploymentPostprocessing = 0;
		};
/* End PBXSourcesBuildPhase section */

/* Begin PBXTargetDependency section */
		88DF3E153803F3D5DFC6725F /* PBXTargetDependency */ = {
			isa = PBXTargetDependency;
			target = 39C5E2FFAA896B112B1DD11E /* GMGNRadio */;
			targetProxy = 964EBABEAE125C2B60AE7CC9 /* PBXContainerItemProxy */;
		};
/* End PBXTargetDependency section */

/* Begin XCBuildConfiguration section */
		12A2C65297336A2F66A7865B /* Release */ = {
			isa = XCBuildConfiguration;
			buildSettings = {
				ALWAYS_SEARCH_USER_PATHS = NO;
				CLANG_ANALYZER_NONNULL = YES;
				CLANG_ANALYZER_NUMBER_OBJECT_CONVERSION = YES_AGGRESSIVE;
				CLANG_CXX_LANGUAGE_STANDARD = "gnu++14";
				CLANG_CXX_LIBRARY = "libc++";
				CLANG_ENABLE_MODULES = YES;
				CLANG_ENABLE_OBJC_ARC = YES;
				CLANG_ENABLE_OBJC_WEAK = YES;
				CLANG_WARN_BLOCK_CAPTURE_AUTORELEASING = YES;
				CLANG_WARN_BOOL_CONVERSION = YES;
				CLANG_WARN_COMMA = YES;
				CLANG_WARN_CONSTANT_CONVERSION = YES;
				CLANG_WARN_DEPRECATED_OBJC_IMPLEMENTATIONS = YES;
				CLANG_WARN_DIRECT_OBJC_ISA_USAGE = YES_ERROR;
				CLANG_WARN_DOCUMENTATION_COMMENTS = YES;
				CLANG_WARN_EMPTY_BODY = YES;
				CLANG_WARN_ENUM_CONVERSION = YES;
				CLANG_WARN_INFINITE_RECURSION = YES;
				CLANG_WARN_INT_CONVERSION = YES;
				CLANG_WARN_NON_LITERAL_NULL_CONVERSION = YES;
				CLANG_WARN_OBJC_IMPLICIT_RETAIN_SELF = YES;
				CLANG_WARN_OBJC_LITERAL_CONVERSION = YES;
				CLANG_WARN_OBJC_ROOT_CLASS = YES_ERROR;
				CLANG_WARN_QUOTED_INCLUDE_IN_FRAMEWORK_HEADER = YES;
				CLANG_WARN_RANGE_LOOP_ANALYSIS = YES;
				CLANG_WARN_STRICT_PROTOTYPES = YES;
				CLANG_WARN_SUSPICIOUS_MOVE = YES;
				CLANG_WARN_UNGUARDED_AVAILABILITY = YES_AGGRESSIVE;
				CLANG_WARN_UNREACHABLE_CODE = YES;
				CLANG_WARN__DUPLICATE_METHOD_MATCH = YES;
				COPY_PHASE_STRIP = NO;
				DEBUG_INFORMATION_FORMAT = "dwarf-with-dsym";
				DEVELOPMENT_TEAM = "";
				ENABLE_NS_ASSERTIONS = NO;
				ENABLE_STRICT_OBJC_MSGSEND = YES;
				GCC_C_LANGUAGE_STANDARD = gnu11;
				GCC_NO_COMMON_BLOCKS = YES;
				GCC_WARN_64_TO_32_BIT_CONVERSION = YES;
				GCC_WARN_ABOUT_RETURN_TYPE = YES_ERROR;
				GCC_WARN_UNDECLARED_SELECTOR = YES;
				GCC_WARN_UNINITIALIZED_AUTOS = YES_AGGRESSIVE;
				GCC_WARN_UNUSED_FUNCTION = YES;
				GCC_WARN_UNUSED_VARIABLE = YES;
				MACOSX_DEPLOYMENT_TARGET = 26.0;
				MTL_ENABLE_DEBUG_INFO = NO;
				MTL_FAST_MATH = YES;
				PRODUCT_NAME = "$(TARGET_NAME)";
				SDKROOT = macosx;
				SWIFT_COMPILATION_MODE = wholemodule;
				SWIFT_OPTIMIZATION_LEVEL = "-O";
				SWIFT_STRICT_CONCURRENCY = complete;
				SWIFT_VERSION = 6.0;
			};
			name = Release;
		};
		2437BD6FAA10FFA2688470FF /* Debug */ = {
			isa = XCBuildConfiguration;
			buildSettings = {
				BUNDLE_LOADER = "$(TEST_HOST)";
				CODE_SIGNING_ALLOWED = NO;
				COMBINE_HIDPI_IMAGES = YES;
				LD_RUNPATH_SEARCH_PATHS = (
					"$(inherited)",
					"@executable_path/../Frameworks",
					"@loader_path/../Frameworks",
				);
				SDKROOT = macosx;
				TEST_HOST = "$(BUILT_PRODUCTS_DIR)/gmgn radio.app/Contents/MacOS/gmgn radio";
			};
			name = Debug;
		};
		2CED80DB24BF0E0D6EA83957 /* Debug */ = {
			isa = XCBuildConfiguration;
			buildSettings = {
				ALWAYS_SEARCH_USER_PATHS = NO;
				CLANG_ANALYZER_NONNULL = YES;
				CLANG_ANALYZER_NUMBER_OBJECT_CONVERSION = YES_AGGRESSIVE;
				CLANG_CXX_LANGUAGE_STANDARD = "gnu++14";
				CLANG_CXX_LIBRARY = "libc++";
				CLANG_ENABLE_MODULES = YES;
				CLANG_ENABLE_OBJC_ARC = YES;
				CLANG_ENABLE_OBJC_WEAK = YES;
				CLANG_WARN_BLOCK_CAPTURE_AUTORELEASING = YES;
				CLANG_WARN_BOOL_CONVERSION = YES;
				CLANG_WARN_COMMA = YES;
				CLANG_WARN_CONSTANT_CONVERSION = YES;
				CLANG_WARN_DEPRECATED_OBJC_IMPLEMENTATIONS = YES;
				CLANG_WARN_DIRECT_OBJC_ISA_USAGE = YES_ERROR;
				CLANG_WARN_DOCUMENTATION_COMMENTS = YES;
				CLANG_WARN_EMPTY_BODY = YES;
				CLANG_WARN_ENUM_CONVERSION = YES;
				CLANG_WARN_INFINITE_RECURSION = YES;
				CLANG_WARN_INT_CONVERSION = YES;
				CLANG_WARN_NON_LITERAL_NULL_CONVERSION = YES;
				CLANG_WARN_OBJC_IMPLICIT_RETAIN_SELF = YES;
				CLANG_WARN_OBJC_LITERAL_CONVERSION = YES;
				CLANG_WARN_OBJC_ROOT_CLASS = YES_ERROR;
				CLANG_WARN_QUOTED_INCLUDE_IN_FRAMEWORK_HEADER = YES;
				CLANG_WARN_RANGE_LOOP_ANALYSIS = YES;
				CLANG_WARN_STRICT_PROTOTYPES = YES;
				CLANG_WARN_SUSPICIOUS_MOVE = YES;
				CLANG_WARN_UNGUARDED_AVAILABILITY = YES_AGGRESSIVE;
				CLANG_WARN_UNREACHABLE_CODE = YES;
				CLANG_WARN__DUPLICATE_METHOD_MATCH = YES;
				COPY_PHASE_STRIP = NO;
				DEBUG_INFORMATION_FORMAT = dwarf;
				DEVELOPMENT_TEAM = "";
				ENABLE_STRICT_OBJC_MSGSEND = YES;
				ENABLE_TESTABILITY = YES;
				GCC_C_LANGUAGE_STANDARD = gnu11;
				GCC_DYNAMIC_NO_PIC = NO;
				GCC_NO_COMMON_BLOCKS = YES;
				GCC_OPTIMIZATION_LEVEL = 0;
				GCC_PREPROCESSOR_DEFINITIONS = (
					"$(inherited)",
					"DEBUG=1",
				);
				GCC_WARN_64_TO_32_BIT_CONVERSION = YES;
				GCC_WARN_ABOUT_RETURN_TYPE = YES_ERROR;
				GCC_WARN_UNDECLARED_SELECTOR = YES;
				GCC_WARN_UNINITIALIZED_AUTOS = YES_AGGRESSIVE;
				GCC_WARN_UNUSED_FUNCTION = YES;
				GCC_WARN_UNUSED_VARIABLE = YES;
				MACOSX_DEPLOYMENT_TARGET = 26.0;
				MTL_ENABLE_DEBUG_INFO = INCLUDE_SOURCE;
				MTL_FAST_MATH = YES;
				ONLY_ACTIVE_ARCH = YES;
				PRODUCT_NAME = "$(TARGET_NAME)";
				SDKROOT = macosx;
				SWIFT_ACTIVE_COMPILATION_CONDITIONS = DEBUG;
				SWIFT_OPTIMIZATION_LEVEL = "-Onone";
				SWIFT_STRICT_CONCURRENCY = complete;
				SWIFT_VERSION = 6.0;
			};
			name = Debug;
		};
		EFADA15D99EEAE58FF7DAB2A /* Debug */ = {
			isa = XCBuildConfiguration;
			buildSettings = {
				ASSETCATALOG_COMPILER_APPICON_NAME = AppIcon;
				CODE_SIGNING_ALLOWED = NO;
				CODE_SIGN_ENTITLEMENTS = Resources/GMGNRadio.entitlements;
				COMBINE_HIDPI_IMAGES = YES;
				ENABLE_HARDENED_RUNTIME = YES;
				INFOPLIST_FILE = Resources/Info.plist;
				LD_RUNPATH_SEARCH_PATHS = (
					"$(inherited)",
					"@executable_path/../Frameworks",
				);
				PRODUCT_BUNDLE_IDENTIFIER = ai.gmgn.radio;
				PRODUCT_MODULE_NAME = GMGNRadio;
				PRODUCT_NAME = "gmgn radio";
				SDKROOT = macosx;
			};
			name = Debug;
		};
		F1FEC0F28BEBB359FE3D87B1 /* Release */ = {
			isa = XCBuildConfiguration;
			buildSettings = {
				ASSETCATALOG_COMPILER_APPICON_NAME = AppIcon;
				CODE_SIGNING_ALLOWED = NO;
				CODE_SIGN_ENTITLEMENTS = Resources/GMGNRadio.entitlements;
				COMBINE_HIDPI_IMAGES = YES;
				ENABLE_HARDENED_RUNTIME = YES;
				INFOPLIST_FILE = Resources/Info.plist;
				LD_RUNPATH_SEARCH_PATHS = (
					"$(inherited)",
					"@executable_path/../Frameworks",
				);
				PRODUCT_BUNDLE_IDENTIFIER = ai.gmgn.radio;
				PRODUCT_MODULE_NAME = GMGNRadio;
				PRODUCT_NAME = "gmgn radio";
				SDKROOT = macosx;
			};
			name = Release;
		};
		F55D1C49FD9D7896C203E161 /* Release */ = {
			isa = XCBuildConfiguration;
			buildSettings = {
				BUNDLE_LOADER = "$(TEST_HOST)";
				CODE_SIGNING_ALLOWED = NO;
				COMBINE_HIDPI_IMAGES = YES;
				LD_RUNPATH_SEARCH_PATHS = (
					"$(inherited)",
					"@executable_path/../Frameworks",
					"@loader_path/../Frameworks",
				);
				SDKROOT = macosx;
				TEST_HOST = "$(BUILT_PRODUCTS_DIR)/gmgn radio.app/Contents/MacOS/gmgn radio";
			};
			name = Release;
		};
/* End XCBuildConfiguration section */

/* Begin XCConfigurationList section */
		69CDDE3DAA0F2F5768E69156 /* Build configuration list for PBXProject "GMGNRadio" */ = {
			isa = XCConfigurationList;
			buildConfigurations = (
				2CED80DB24BF0E0D6EA83957 /* Debug */,
				12A2C65297336A2F66A7865B /* Release */,
			);
			defaultConfigurationIsVisible = 0;
			defaultConfigurationName = Debug;
		};
		76FAB07E3F06F0E105DE73E7 /* Build configuration list for PBXNativeTarget "GMGNRadio" */ = {
			isa = XCConfigurationList;
			buildConfigurations = (
				EFADA15D99EEAE58FF7DAB2A /* Debug */,
				F1FEC0F28BEBB359FE3D87B1 /* Release */,
			);
			defaultConfigurationIsVisible = 0;
			defaultConfigurationName = Debug;
		};
		7BD11F20F8EB619FD4EFCD48 /* Build configuration list for PBXNativeTarget "GMGNRadioTests" */ = {
			isa = XCConfigurationList;
			buildConfigurations = (
				2437BD6FAA10FFA2688470FF /* Debug */,
				F55D1C49FD9D7896C203E161 /* Release */,
			);
			defaultConfigurationIsVisible = 0;
			defaultConfigurationName = Debug;
		};
/* End XCConfigurationList section */

/* Begin XCRemoteSwiftPackageReference section */
		A6BA4621A86C8CACD268898D /* XCRemoteSwiftPackageReference "client-sdk-swift" */ = {
			isa = XCRemoteSwiftPackageReference;
			repositoryURL = "https://github.com/livekit/client-sdk-swift.git";
			requirement = {
				kind = exactVersion;
				version = 2.15.3;
			};
		};
		D93490A94A44886318F0866A /* XCRemoteSwiftPackageReference "elevenlabs-swift-sdk" */ = {
			isa = XCRemoteSwiftPackageReference;
			repositoryURL = "https://github.com/elevenlabs/elevenlabs-swift-sdk.git";
			requirement = {
				kind = exactVersion;
				version = 3.2.2;
			};
		};
/* End XCRemoteSwiftPackageReference section */

/* Begin XCSwiftPackageProductDependency section */
		90774BF1A310244C65F85C37 /* LiveKit */ = {
			isa = XCSwiftPackageProductDependency;
			package = A6BA4621A86C8CACD268898D /* XCRemoteSwiftPackageReference "client-sdk-swift" */;
			productName = LiveKit;
		};
		C87548AD309AC59561DE9A6E /* ElevenLabs */ = {
			isa = XCSwiftPackageProductDependency;
			package = D93490A94A44886318F0866A /* XCRemoteSwiftPackageReference "elevenlabs-swift-sdk" */;
			productName = ElevenLabs;
		};
/* End XCSwiftPackageProductDependency section */
	};
	rootObject = 2EA5368F7E342CCC6B89784A /* Project object */;
}
