{
  "originHash" : "32d8240b892bfdba1fb86b4d14c87c0ff8da358f54327332818246aabe68a6a5",
  "pins" : [
    {
      "identity" : "client-sdk-swift",
      "kind" : "remoteSourceControl",
      "location" : "https://github.com/livekit/client-sdk-swift.git",
      "state" : {
        "revision" : "43ade336353ad12f9ec7fa1e6a51d9b3bd8121f8",
        "version" : "2.15.3"
      }
    },
    {
      "identity" : "elevenlabs-swift-sdk",
      "kind" : "remoteSourceControl",
      "location" : "https://github.com/elevenlabs/elevenlabs-swift-sdk.git",
      "state" : {
        "revision" : "1a66b950ffb36ee0ed4ab9d74ca4f7a5ff641454",
        "version" : "3.2.2"
      }
    },
    {
      "identity" : "livekit-uniffi-xcframework",
      "kind" : "remoteSourceControl",
      "location" : "https://github.com/livekit/livekit-uniffi-xcframework.git",
      "state" : {
        "revision" : "7c161254ce7cd55debc48023f69a917076b12a26",
        "version" : "0.0.6"
      }
    },
    {
      "identity" : "metalsplatter",
      "kind" : "remoteSourceControl",
      "location" : "https://github.com/scier/MetalSplatter.git",
      "state" : {
        "revision" : "71ff248e3016ac43c0a9271e322538421b28c360",
        "version" : "1.0.1"
      }
    },
    {
      "identity" : "spz-swift",
      "kind" : "remoteSourceControl",
      "location" : "https://github.com/scier/spz-swift.git",
      "state" : {
        "revision" : "e2410c91bceba2539c11157ad92e488ef6e16416",
        "version" : "2.1.0"
      }
    },
    {
      "identity" : "swift-argument-parser",
      "kind" : "remoteSourceControl",
      "location" : "https://github.com/apple/swift-argument-parser",
      "state" : {
        "revision" : "6a52f3251125d74daf04fcbd5e6f08a75d074382",
        "version" : "1.8.2"
      }
    },
    {
      "identity" : "swift-protobuf",
      "kind" : "remoteSourceControl",
      "location" : "https://github.com/apple/swift-protobuf.git",
      "state" : {
        "revision" : "55d7a1cc5666b85c13464aea1c4b4a90feccb4c8",
        "version" : "1.38.1"
      }
    },
    {
      "identity" : "vrmmetalkit",
      "kind" : "remoteSourceControl",
      "location" : "https://github.com/arkavo-org/VRMMetalKit.git",
      "state" : {
        "revision" : "a94531d99f9f8d744d7702595f77c615c169835e",
        "version" : "1.0.0"
      }
    },
    {
      "identity" : "webrtc-xcframework",
      "kind" : "remoteSourceControl",
      "location" : "https://github.com/livekit/webrtc-xcframework.git",
      "state" : {
        "revision" : "46f2af86f06b9a8a9158d37cadda5cb5a214e4c4",
        "version" : "144.7559.11"
      }
    }
  ],
  "version" : 3
}
